github.com/D-P-Williams/Advent-of-Code-24 v0.0.0-20241207105425-8541a0b3d86a h1:Tj8L+mGX/27frv/e6KIpiQOBPC/wum6G6vPppIHR3bo=
github.com/D-P-Williams/Advent-of-Code-24 v0.0.0-20241207105425-8541a0b3d86a/go.mod h1:8WiljkU579fIQcr6U2jAEG0ZmT7qGZzE46CTSFByXa8=
github.com/D-P-Williams/Advent-of-Code-24 v0.0.0-20241207112644-57bd9ed37752 h1:yTFAU5cpW7PtGr+GacYl4bScgQ7CkT8lC7OQjOTSOlI=
github.com/D-P-Williams/Advent-of-Code-24 v0.0.0-20241207112644-57bd9ed37752/go.mod h1:8WiljkU579fIQcr6U2jAEG0ZmT7qGZzE46CTSFByXa8=
github.com/D-P-Williams/Advent-of-Code-24 v0.0.0-20241208151057-5d8097796e3b h1:plEndmwbIY7VInC5UBnLTvgmThrQK7cDn4nhijFqXWU=
github.com/D-P-Williams/Advent-of-Code-24 v0.0.0-20241208151057-5d8097796e3b/go.mod h1:8WiljkU579fIQcr6U2jAEG0ZmT7qGZzE46CTSFByXa8=
github.com/D-P-Williams/Advent-of-Code-24 v0.0.0-20241210181238-1f7b175adec8 h1:cLsBDl0TWhJuF9nxpgSATZA8ADedhC5T5x5lNpnmonI=
github.com/D-P-Williams/Advent-of-Code-24 v0.0.0-20241210181238-1f7b175adec8/go.mod h1:8WiljkU579fIQcr6U2jAEG0ZmT7qGZzE46CTSFByXa8=
