github.com/D-P-Williams/Advent-of-Code-24 v0.0.0-20241207105425-8541a0b3d86a h1:Tj8L+mGX/27frv/e6KIpiQOBPC/wum6G6vPppIHR3bo=
github.com/D-P-Williams/Advent-of-Code-24 v0.0.0-20241207105425-8541a0b3d86a/go.mod h1:8WiljkU579fIQcr6U2jAEG0ZmT7qGZzE46CTSFByXa8=
github.com/D-P-Williams/Advent-of-Code-24 v0.0.0-20241207112644-57bd9ed37752 h1:yTFAU5cpW7PtGr+GacYl4bScgQ7CkT8lC7OQjOTSOlI=
github.com/D-P-Williams/Advent-of-Code-24 v0.0.0-20241207112644-57bd9ed37752/go.mod h1:8WiljkU579fIQcr6U2jAEG0ZmT7qGZzE46CTSFByXa8=
